// !$*UTF8*$!
{
	archiveVersion = 1;
	classes = {
	};
	objectVersion = 46;
	objects = {

/* Begin PBXBuildFile section */
		66304BE51B5A77260016FB72 /* AppDelegate.swift in Sources */ = {isa = PBXBuildFile; fileRef = 66304BE41B5A77260016FB72 /* AppDelegate.swift */; };
		66304BE71B5A77260016FB72 /* ViewController.swift in Sources */ = {isa = PBXBuildFile; fileRef = 66304BE61B5A77260016FB72 /* ViewController.swift */; };
		66304BEA1B5A77260016FB72 /* Main.storyboard in Resources */ = {isa = PBXBuildFile; fileRef = 66304BE81B5A77260016FB72 /* Main.storyboard */; };
		66304BEC1B5A77260016FB72 /* Images.xcassets in Resources */ = {isa = PBXBuildFile; fileRef = 66304BEB1B5A77260016FB72 /* Images.xcassets */; };
		66304BEF1B5A77260016FB72 /* LaunchScreen.xib in Resources */ = {isa = PBXBuildFile; fileRef = 66304BED1B5A77260016FB72 /* LaunchScreen.xib */; };
		66304BFB1B5A77260016FB72 /* DBFMTests.swift in Sources */ = {isa = PBXBuildFile; fileRef = 66304BFA1B5A77260016FB72 /* DBFMTests.swift */; };
/* End PBXBuildFile section */

/* Begin PBXContainerItemProxy section */
		66304BF51B5A77260016FB72 /* PBXContainerItemProxy */ = {
			isa = PBXContainerItemProxy;
			containerPortal = 66304BD71B5A77260016FB72 /* Project object */;
			proxyType = 1;
			remoteGlobalIDString = 66304BDE1B5A77260016FB72;
			remoteInfo = DBFM;
		};
/* End PBXContainerItemProxy section */

/* Begin PBXFileReference section */
		66304BDF1B5A77260016FB72 /* DBFM.app */ = {isa = PBXFileReference; explicitFileType = wrapper.application; includeInIndex = 0; path = DBFM.app; sourceTree = BUILT_PRODUCTS_DIR; };
		66304BE31B5A77260016FB72 /* Info.plist */ = {isa = PBXFileReference; lastKnownFileType = text.plist.xml; path = Info.plist; sourceTree = "<group>"; };
		66304BE41B5A77260016FB72 /* AppDelegate.swift */ = {isa = PBXFileReference; lastKnownFileType = sourcecode.swift; path = AppDelegate.swift; sourceTree = "<group>"; };
		66304BE61B5A77260016FB72 /* ViewController.swift */ = {isa = PBXFileReference; lastKnownFileType = sourcecode.swift; path = ViewController.swift; sourceTree = "<group>"; };
		66304BE91B5A77260016FB72 /* Base */ = {isa = PBXFileReference; lastKnownFileType = file.storyboard; name = Base; path = Base.lproj/Main.storyboard; sourceTree = "<group>"; };
		66304BEB1B5A77260016FB72 /* Images.xcassets */ = {isa = PBXFileReference; lastKnownFileType = folder.assetcatalog; path = Images.xcassets; sourceTree = "<group>"; };
		66304BEE1B5A77260016FB72 /* Base */ = {isa = PBXFileReference; lastKnownFileType = file.xib; name = Base; path = Base.lproj/LaunchScreen.xib; sourceTree = "<group>"; };
		66304BF41B5A77260016FB72 /* DBFMTests.xctest */ = {isa = PBXFileReference; explicitFileType = wrapper.cfbundle; includeInIndex = 0; path = DBFMTests.xctest; sourceTree = BUILT_PRODUCTS_DIR; };
		66304BF91B5A77260016FB72 /* Info.plist */ = {isa = PBXFileReference; lastKnownFileType = text.plist.xml; path = Info.plist; sourceTree = "<group>"; };
		66304BFA1B5A77260016FB72 /* DBFMTests.swift */ = {isa = PBXFileReference; lastKnownFileType = sourcecode.swift; path = DBFMTests.swift; sourceTree = "<group>"; };
/* End PBXFileReference section */

/* Begin PBXFrameworksBuildPhase section */
		66304BDC1B5A77260016FB72 /* Frameworks */ = {
			isa = PBXFrameworksBuildPhase;
			buildActionMask = 2147483647;
			files = (
			);
			runOnlyForDeploymentPostprocessing = 0;
		};
		66304BF11B5A77260016FB72 /* Frameworks */ = {
			isa = PBXFrameworksBuildPhase;
			buildActionMask = 2147483647;
			files = (
			);
			runOnlyForDeploymentPostprocessing = 0;
		};
/* End PBXFrameworksBuildPhase section */

/* Begin PBXGroup section */
		66304BD61B5A77260016FB72 = {
			isa = PBXGroup;
			children = (
				66304BE11B5A77260016FB72 /* DBFM */,
				66304BF71B5A77260016FB72 /* DBFMTests */,
				66304BE01B5A77260016FB72 /* Products */,
			);
			sourceTree = "<group>";
		};
		66304BE01B5A77260016FB72 /* Products */ = {
			isa = PBXGroup;
			children = (
				66304BDF1B5A77260016FB72 /* DBFM.app */,
				66304BF41B5A77260016FB72 /* DBFMTests.xctest */,
			);
			name = Products;
			sourceTree = "<group>";
		};
		66304BE11B5A77260016FB72 /* DBFM */ = {
			isa = PBXGroup;
			children = (
				66304BE41B5A77260016FB72 /* AppDelegate.swift */,
				66304BE61B5A77260016FB72 /* ViewController.swift */,
				66304BE81B5A77260016FB72 /* Main.storyboard */,
				66304BEB1B5A77260016FB72 /* Images.xcassets */,
				66304BED1B5A77260016FB72 /* LaunchScreen.xib */,
				66304BE21B5A77260016FB72 /* Supporting Files */,
			);
			path = DBFM;
			sourceTree = "<group>";
		};
		66304BE21B5A77260016FB72 /* Supporting Files */ = {
			isa = PBXGroup;
			children = (
				66304BE31B5A77260016FB72 /* Info.plist */,
			);
			name = "Supporting Files";
			sourceTree = "<group>";
		};
		66304BF71B5A77260016FB72 /* DBFMTests */ = {
			isa = PBXGroup;
			children = (
				66304BFA1B5A77260016FB72 /* DBFMTests.swift */,
				66304BF81B5A77260016FB72 /* Supporting Files */,
			);
			path = DBFMTests;
			sourceTree = "<group>";
		};
		66304BF81B5A77260016FB72 /* Supporting Files */ = {
			isa = PBXGroup;
			children = (
				66304BF91B5A77260016FB72 /* Info.plist */,
			);
			name = "Supporting Files";
			sourceTree = "<group>";
		};
/* End PBXGroup section */

/* Begin PBXNativeTarget section */
		66304BDE1B5A77260016FB72 /* DBFM */ = {
			isa = PBXNativeTarget;
			buildConfigurationList = 66304BFE1B5A77260016FB72 /* Build configuration list for PBXNativeTarget "DBFM" */;
			buildPhases = (
				66304BDB1B5A77260016FB72 /* Sources */,
				66304BDC1B5A77260016FB72 /* Frameworks */,
				66304BDD1B5A77260016FB72 /* Resources */,
			);
			buildRules = (
			);
			dependencies = (
			);
			name = DBFM;
			productName = DBFM;
			productReference = 66304BDF1B5A77260016FB72 /* DBFM.app */;
			productType = "com.apple.product-type.application";
		};
		66304BF31B5A77260016FB72 /* DBFMTests */ = {
			isa = PBXNativeTarget;
			buildConfigurationList = 66304C011B5A77260016FB72 /* Build configuration list for PBXNativeTarget "DBFMTests" */;
			buildPhases = (
				66304BF01B5A77260016FB72 /* Sources */,
				66304BF11B5A77260016FB72 /* Frameworks */,
				66304BF21B5A77260016FB72 /* Resources */,
			);
			buildRules = (
			);
			dependencies = (
				66304BF61B5A77260016FB72 /* PBXTargetDependency */,
			);
			name = DBFMTests;
			productName = DBFMTests;
			productReference = 66304BF41B5A77260016FB72 /* DBFMTests.xctest */;
			productType = "com.apple.product-type.bundle.unit-test";
		};
/* End PBXNativeTarget section */

/* Begin PBXProject section */
		66304BD71B5A77260016FB72 /* Project object */ = {
			isa = PBXProject;
			attributes = {
				LastUpgradeCheck = 0630;
				ORGANIZATIONNAME = "林大帅";
				TargetAttributes = {
					66304BDE1B5A77260016FB72 = {
						CreatedOnToolsVersion = 6.3.2;
					};
					66304BF31B5A77260016FB72 = {
						CreatedOnToolsVersion = 6.3.2;
						TestTargetID = 66304BDE1B5A77260016FB72;
					};
				};
			};
			buildConfigurationList = 66304BDA1B5A77260016FB72 /* Build configuration list for PBXProject "DBFM" */;
			compatibilityVersion = "Xcode 3.2";
			developmentRegion = English;
			hasScannedForEncodings = 0;
			knownRegions = (
				en,
				Base,
			);
			mainGroup = 66304BD61B5A77260016FB72;
			productRefGroup = 66304BE01B5A77260016FB72 /* Products */;
			projectDirPath = "";
			projectRoot = "";
			targets = (
				66304BDE1B5A77260016FB72 /* DBFM */,
				66304BF31B5A77260016FB72 /* DBFMTests */,
			);
		};
/* End PBXProject section */

/* Begin PBXResourcesBuildPhase section */
		66304BDD1B5A77260016FB72 /* Resources */ = {
			isa = PBXResourcesBuildPhase;
			buildActionMask = 2147483647;
			files = (
				66304BEA1B5A77260016FB72 /* Main.storyboard in Resources */,
				66304BEF1B5A77260016FB72 /* LaunchScreen.xib in Resources */,
				66304BEC1B5A77260016FB72 /* Images.xcassets in Resources */,
			);
			runOnlyForDeploymentPostprocessing = 0;
		};
		66304BF21B5A77260016FB72 /* Resources */ = {
			isa = PBXResourcesBuildPhase;
			buildActionMask = 2147483647;
			files = (
			);
			runOnlyForDeploymentPostprocessing = 0;
		};
/* End PBXResourcesBuildPhase section */

/* Begin PBXSourcesBuildPhase section */
		66304BDB1B5A77260016FB72 /* Sources */ = {
			isa = PBXSourcesBuildPhase;
			buildActionMask = 2147483647;
			files = (
				66304BE71B5A77260016FB72 /* ViewController.swift in Sources */,
				66304BE51B5A77260016FB72 /* AppDelegate.swift in Sources */,
			);
			runOnlyForDeploymentPostprocessing = 0;
		};
		66304BF01B5A77260016FB72 /* Sources */ = {
			isa = PBXSourcesBuildPhase;
			buildActionMask = 2147483647;
			files = (
				66304BFB1B5A77260016FB72 /* DBFMTests.swift in Sources */,
			);
			runOnlyForDeploymentPostprocessing = 0;
		};
/* End PBXSourcesBuildPhase section */

/* Begin PBXTargetDependency section */
		66304BF61B5A77260016FB72 /* PBXTargetDependency */ = {
			isa = PBXTargetDependency;
			target = 66304BDE1B5A77260016FB72 /* DBFM */;
			targetProxy = 66304BF51B5A77260016FB72 /* PBXContainerItemProxy */;
		};
/* End PBXTargetDependency section */

/* Begin PBXVariantGroup section */
		66304BE81B5A77260016FB72 /* Main.storyboard */ = {
			isa = PBXVariantGroup;
			children = (
				66304BE91B5A77260016FB72 /* Base */,
			);
			name = Main.storyboard;
			sourceTree = "<group>";
		};
		66304BED1B5A77260016FB72 /* LaunchScreen.xib */ = {
			isa = PBXVariantGroup;
			children = (
				66304BEE1B5A77260016FB72 /* Base */,
			);
			name = LaunchScreen.xib;
			sourceTree = "<group>";
		};
/* End PBXVariantGroup section */

/* Begin XCBuildConfiguration section */
		66304BFC1B5A77260016FB72 /* Debug */ = {
			isa = XCBuildConfiguration;
			buildSettings = {
				ALWAYS_SEARCH_USER_PATHS = NO;
				CLANG_CXX_LANGUAGE_STANDARD = "gnu++0x";
				CLANG_CXX_LIBRARY = "libc++";
				CLANG_ENABLE_MODULES = YES;
				CLANG_ENABLE_OBJC_ARC = YES;
				CLANG_WARN_BOOL_CONVERSION = YES;
				CLANG_WARN_CONSTANT_CONVERSION = YES;
				CLANG_WARN_DIRECT_OBJC_ISA_USAGE = YES_ERROR;
				CLANG_WARN_EMPTY_BODY = YES;
				CLANG_WARN_ENUM_CONVERSION = YES;
				CLANG_WARN_INT_CONVERSION = YES;
				CLANG_WARN_OBJC_ROOT_CLASS = YES_ERROR;
				CLANG_WARN_UNREACHABLE_CODE = YES;
				CLANG_WARN__DUPLICATE_METHOD_MATCH = YES;
				"CODE_SIGN_IDENTITY[sdk=iphoneos*]" = "iPhone Developer";
				COPY_PHASE_STRIP = NO;
				DEBUG_INFORMATION_FORMAT = "dwarf-with-dsym";
				ENABLE_STRICT_OBJC_MSGSEND = YES;
				GCC_C_LANGUAGE_STANDARD = gnu99;
				GCC_DYNAMIC_NO_PIC = NO;
				GCC_NO_COMMON_BLOCKS = YES;
				GCC_OPTIMIZATION_LEVEL = 0;
				GCC_PREPROCESSOR_DEFINITIONS = (
					"DEBUG=1",
					"$(inherited)",
				);
				GCC_SYMBOLS_PRIVATE_EXTERN = NO;
				GCC_WARN_64_TO_32_BIT_CONVERSION = YES;
				GCC_WARN_ABOUT_RETURN_TYPE = YES_ERROR;
				GCC_WARN_UNDECLARED_SELECTOR = YES;
				GCC_WARN_UNINITIALIZED_AUTOS = YES_AGGRESSIVE;
				GCC_WARN_UNUSED_FUNCTION = YES;
				GCC_WARN_UNUSED_VARIABLE = YES;
				IPHONEOS_DEPLOYMENT_TARGET = 8.3;
				MTL_ENABLE_DEBUG_INFO = YES;
				ONLY_ACTIVE_ARCH = YES;
				SDKROOT = iphoneos;
				SWIFT_OPTIMIZATION_LEVEL = "-Onone";
			};
			name = Debug;
		};
		66304BFD1B5A77260016FB72 /* Release */ = {
			isa = XCBuildConfiguration;
			buildSettings = {
				ALWAYS_SEARCH_USER_PATHS = NO;
				CLANG_CXX_LANGUAGE_STANDARD = "gnu++0x";
				CLANG_CXX_LIBRARY = "libc++";
				CLANG_ENABLE_MODULES = YES;
				CLANG_ENABLE_OBJC_ARC = YES;
				CLANG_WARN_BOOL_CONVERSION = YES;
				CLANG_WARN_CONSTANT_CONVERSION = YES;
				CLANG_WARN_DIRECT_OBJC_ISA_USAGE = YES_ERROR;
				CLANG_WARN_EMPTY_BODY = YES;
				CLANG_WARN_ENUM_CONVERSION = YES;
				CLANG_WARN_INT_CONVERSION = YES;
				CLANG_WARN_OBJC_ROOT_CLASS = YES_ERROR;
				CLANG_WARN_UNREACHABLE_CODE = YES;
				CLANG_WARN__DUPLICATE_METHOD_MATCH = YES;
				"CODE_SIGN_IDENTITY[sdk=iphoneos*]" = "iPhone Developer";
				COPY_PHASE_STRIP = NO;
				DEBUG_INFORMATION_FORMAT = "dwarf-with-dsym";
				ENABLE_NS_ASSERTIONS = NO;
				ENABLE_STRICT_OBJC_MSGSEND = YES;
				GCC_C_LANGUAGE_STANDARD = gnu99;
				GCC_NO_COMMON_BLOCKS = YES;
				GCC_WARN_64_TO_32_BIT_CONVERSION = YES;
				GCC_WARN_ABOUT_RETURN_TYPE = YES_ERROR;
				GCC_WARN_UNDECLARED_SELECTOR = YES;
				GCC_WARN_UNINITIALIZED_AUTOS = YES_AGGRESSIVE;
				GCC_WARN_UNUSED_FUNCTION = YES;
				GCC_WARN_UNUSED_VARIABLE = YES;
				IPHONEOS_DEPLOYMENT_TARGET = 8.3;
				MTL_ENABLE_DEBUG_INFO = NO;
				SDKROOT = iphoneos;
				VALIDATE_PRODUCT = YES;
			};
			name = Release;
		};
		66304BFF1B5A77260016FB72 /* Debug */ = {
			isa = XCBuildConfiguration;
			buildSettings = {
				ASSETCATALOG_COMPILER_APPICON_NAME = AppIcon;
				INFOPLIST_FILE = DBFM/Info.plist;
				LD_RUNPATH_SEARCH_PATHS = "$(inherited) @executable_path/Frameworks";
				PRODUCT_NAME = "$(TARGET_NAME)";
			};
			name = Debug;
		};
		66304C001B5A77260016FB72 /* Release */ = {
			isa = XCBuildConfiguration;
			buildSettings = {
				ASSETCATALOG_COMPILER_APPICON_NAME = AppIcon;
				INFOPLIST_FILE = DBFM/Info.plist;
				LD_RUNPATH_SEARCH_PATHS = "$(inherited) @executable_path/Frameworks";
				PRODUCT_NAME = "$(TARGET_NAME)";
			};
			name = Release;
		};
		66304C021B5A77260016FB72 /* Debug */ = {
			isa = XCBuildConfiguration;
			buildSettings = {
				BUNDLE_LOADER = "$(TEST_HOST)";
				FRAMEWORK_SEARCH_PATHS = (
					"$(SDKROOT)/Developer/Library/Frameworks",
					"$(inherited)",
				);
				GCC_PREPROCESSOR_DEFINITIONS = (
					"DEBUG=1",
					"$(inherited)",
				);
				INFOPLIST_FILE = DBFMTests/Info.plist;
				LD_RUNPATH_SEARCH_PATHS = "$(inherited) @executable_path/Frameworks @loader_path/Frameworks";
				PRODUCT_NAME = "$(TARGET_NAME)";
				TEST_HOST = "$(BUILT_PRODUCTS_DIR)/DBFM.app/DBFM";
			};
			name = Debug;
		};
		66304C031B5A77260016FB72 /* Release */ = {
			isa = XCBuildConfiguration;
			buildSettings = {
				BUNDLE_LOADER = "$(TEST_HOST)";
				FRAMEWORK_SEARCH_PATHS = (
					"$(SDKROOT)/Developer/Library/Frameworks",
					"$(inherited)",
				);
				INFOPLIST_FILE = DBFMTests/Info.plist;
				LD_RUNPATH_SEARCH_PATHS = "$(inherited) @executable_path/Frameworks @loader_path/Frameworks";
				PRODUCT_NAME = "$(TARGET_NAME)";
				TEST_HOST = "$(BUILT_PRODUCTS_DIR)/DBFM.app/DBFM";
			};
			name = Release;
		};
/* End XCBuildConfiguration section */

/* Begin XCConfigurationList section */
		66304BDA1B5A77260016FB72 /* Build configuration list for PBXProject "DBFM" */ = {
			isa = XCConfigurationList;
			buildConfigurations = (
				66304BFC1B5A77260016FB72 /* Debug */,
				66304BFD1B5A77260016FB72 /* Release */,
			);
			defaultConfigurationIsVisible = 0;
			defaultConfigurationName = Release;
		};
		66304BFE1B5A77260016FB72 /* Build configuration list for PBXNativeTarget "DBFM" */ = {
			isa = XCConfigurationList;
			buildConfigurations = (
				66304BFF1B5A77260016FB72 /* Debug */,
				66304C001B5A77260016FB72 /* Release */,
			);
			defaultConfigurationIsVisible = 0;
		};
		66304C011B5A77260016FB72 /* Build configuration list for PBXNativeTarget "DBFMTests" */ = {
			isa = XCConfigurationList;
			buildConfigurations = (
				66304C021B5A77260016FB72 /* Debug */,
				66304C031B5A77260016FB72 /* Release */,
			);
			defaultConfigurationIsVisible = 0;
		};
/* End XCConfigurationList section */
	};
	rootObject = 66304BD71B5A77260016FB72 /* Project object */;
}
